// !$*UTF8*$!
{
	archiveVersion = 1;
	classes = {
	};
	objectVersion = 50;
	objects = {

/* Begin PBXBuildFile section */
		2158BE602526C1F600629717 /* AppDelegate.swift in Sources */ = {isa = PBXBuildFile; fileRef = 2158BE5F2526C1F600629717 /* AppDelegate.swift */; };
		2158BE642526C1F600629717 /* Experience.rcproject in Sources */ = {isa = PBXBuildFile; fileRef = 2158BE632526C1F600629717 /* Experience.rcproject */; };
		2158BE672526C1F600629717 /* Main.storyboard in Resources */ = {isa = PBXBuildFile; fileRef = 2158BE652526C1F600629717 /* Main.storyboard */; };
		2158BE692526C1F800629717 /* Assets.xcassets in Resources */ = {isa = PBXBuildFile; fileRef = 2158BE682526C1F800629717 /* Assets.xcassets */; };
		2158BE6C2526C1F800629717 /* LaunchScreen.storyboard in Resources */ = {isa = PBXBuildFile; fileRef = 2158BE6A2526C1F800629717 /* LaunchScreen.storyboard */; };
		2158BE742526C3F700629717 /* ViewController.swift in Sources */ = {isa = PBXBuildFile; fileRef = 2158BE732526C3F700629717 /* ViewController.swift */; };
		21C040A52534FD7B0062F297 /* Entry.swift in Sources */ = {isa = PBXBuildFile; fileRef = 21C040A42534FD7A0062F297 /* Entry.swift */; };
		21C040A82534FD7E0062F297 /* RemoteTransformation.swift in Sources */ = {isa = PBXBuildFile; fileRef = 21C040A72534FD7E0062F297 /* RemoteTransformation.swift */; };
		21C040AD2534FDBE0062F297 /* EchoAR.swift in Sources */ = {isa = PBXBuildFile; fileRef = 21C040AC2534FDBE0062F297 /* EchoAR.swift */; };
/* End PBXBuildFile section */

/* Begin PBXFileReference section */
		2158BE5C2526C1F600629717 /* ARPhotoViewerDemo.app */ = {isa = PBXFileReference; explicitFileType = wrapper.application; includeInIndex = 0; path = ARPhotoViewerDemo.app; sourceTree = BUILT_PRODUCTS_DIR; };
		2158BE5F2526C1F600629717 /* AppDelegate.swift */ = {isa = PBXFileReference; lastKnownFileType = sourcecode.swift; path = AppDelegate.swift; sourceTree = "<group>"; };
		2158BE632526C1F600629717 /* Experience.rcproject */ = {isa = PBXFileReference; lastKnownFileType = file.rcproject; path = Experience.rcproject; sourceTree = "<group>"; };
		2158BE662526C1F600629717 /* Base */ = {isa = PBXFileReference; lastKnownFileType = file.storyboard; name = Base; path = Base.lproj/Main.storyboard; sourceTree = "<group>"; };
		2158BE682526C1F800629717 /* Assets.xcassets */ = {isa = PBXFileReference; lastKnownFileType = folder.assetcatalog; path = Assets.xcassets; sourceTree = "<group>"; };
		2158BE6B2526C1F800629717 /* Base */ = {isa = PBXFileReference; lastKnownFileType = file.storyboard; name = Base; path = Base.lproj/LaunchScreen.storyboard; sourceTree = "<group>"; };
		2158BE6D2526C1F800629717 /* Info.plist */ = {isa = PBXFileReference; lastKnownFileType = text.plist.xml; path = Info.plist; sourceTree = "<group>"; };
		2158BE732526C3F700629717 /* ViewController.swift */ = {isa = PBXFileReference; lastKnownFileType = sourcecode.swift; path = ViewController.swift; sourceTree = "<group>"; };
		21C040A42534FD7A0062F297 /* Entry.swift */ = {isa = PBXFileReference; lastKnownFileType = sourcecode.swift; path = Entry.swift; sourceTree = "<group>"; };
		21C040A72534FD7E0062F297 /* RemoteTransformation.swift */ = {isa = PBXFileReference; lastKnownFileType = sourcecode.swift; path = RemoteTransformation.swift; sourceTree = "<group>"; };
		21C040AA2534FD810062F297 /* LICENSE.md */ = {isa = PBXFileReference; lastKnownFileType = net.daringfireball.markdown; path = LICENSE.md; sourceTree = "<group>"; };
		21C040AC2534FDBE0062F297 /* EchoAR.swift */ = {isa = PBXFileReference; fileEncoding = 4; lastKnownFileType = sourcecode.swift; name = EchoAR.swift; path = ../../../Downloads/echoARSwiftSDK/EchoAR.swift; sourceTree = "<group>"; };
/* End PBXFileReference section */

/* Begin PBXFrameworksBuildPhase section */
		2158BE592526C1F600629717 /* Frameworks */ = {
			isa = PBXFrameworksBuildPhase;
			buildActionMask = 2147483647;
			files = (
			);
			runOnlyForDeploymentPostprocessing = 0;
		};
/* End PBXFrameworksBuildPhase section */

/* Begin PBXGroup section */
		2158BE532526C1F600629717 = {
			isa = PBXGroup;
			children = (
				2158BE5E2526C1F600629717 /* ARPhotoViewerDemo */,
				2158BE5D2526C1F600629717 /* Products */,
			);
			sourceTree = "<group>";
		};
		2158BE5D2526C1F600629717 /* Products */ = {
			isa = PBXGroup;
			children = (
				2158BE5C2526C1F600629717 /* ARPhotoViewerDemo.app */,
			);
			name = Products;
			sourceTree = "<group>";
		};
		2158BE5E2526C1F600629717 /* ARPhotoViewerDemo */ = {
			isa = PBXGroup;
			children = (
				21C040AC2534FDBE0062F297 /* EchoAR.swift */,
				21C040A42534FD7A0062F297 /* Entry.swift */,
				21C040A72534FD7E0062F297 /* RemoteTransformation.swift */,
				21C040AA2534FD810062F297 /* LICENSE.md */,
				2158BE5F2526C1F600629717 /* AppDelegate.swift */,
				2158BE632526C1F600629717 /* Experience.rcproject */,
				2158BE652526C1F600629717 /* Main.storyboard */,
				2158BE682526C1F800629717 /* Assets.xcassets */,
				2158BE6A2526C1F800629717 /* LaunchScreen.storyboard */,
				2158BE6D2526C1F800629717 /* Info.plist */,
				2158BE732526C3F700629717 /* ViewController.swift */,
			);
			path = ARPhotoViewerDemo;
			sourceTree = "<group>";
		};
/* End PBXGroup section */

/* Begin PBXNativeTarget section */
		2158BE5B2526C1F600629717 /* ARPhotoViewerDemo */ = {
			isa = PBXNativeTarget;
			buildConfigurationList = 2158BE702526C1F800629717 /* Build configuration list for PBXNativeTarget "ARPhotoViewerDemo" */;
			buildPhases = (
				2158BE582526C1F600629717 /* Sources */,
				2158BE592526C1F600629717 /* Frameworks */,
				2158BE5A2526C1F600629717 /* Resources */,
			);
			buildRules = (
			);
			dependencies = (
			);
			name = ARPhotoViewerDemo;
			productName = ARPhotoViewerDemo;
			productReference = 2158BE5C2526C1F600629717 /* ARPhotoViewerDemo.app */;
			productType = "com.apple.product-type.application";
		};
/* End PBXNativeTarget section */

/* Begin PBXProject section */
		2158BE542526C1F600629717 /* Project object */ = {
			isa = PBXProject;
			attributes = {
				LastSwiftUpdateCheck = 1170;
				LastUpgradeCheck = 1170;
				ORGANIZATIONNAME = "DAYE JACK";
				TargetAttributes = {
					2158BE5B2526C1F600629717 = {
						CreatedOnToolsVersion = 11.7;
					};
				};
			};
			buildConfigurationList = 2158BE572526C1F600629717 /* Build configuration list for PBXProject "ARPhotoViewerDemo" */;
			compatibilityVersion = "Xcode 9.3";
			developmentRegion = en;
			hasScannedForEncodings = 0;
			knownRegions = (
				en,
				Base,
			);
			mainGroup = 2158BE532526C1F600629717;
			productRefGroup = 2158BE5D2526C1F600629717 /* Products */;
			projectDirPath = "";
			projectRoot = "";
			targets = (
				2158BE5B2526C1F600629717 /* ARPhotoViewerDemo */,
			);
		};
/* End PBXProject section */

/* Begin PBXResourcesBuildPhase section */
		2158BE5A2526C1F600629717 /* Resources */ = {
			isa = PBXResourcesBuildPhase;
			buildActionMask = 2147483647;
			files = (
				2158BE6C2526C1F800629717 /* LaunchScreen.storyboard in Resources */,
				2158BE692526C1F800629717 /* Assets.xcassets in Resources */,
				2158BE672526C1F600629717 /* Main.storyboard in Resources */,
			);
			runOnlyForDeploymentPostprocessing = 0;
		};
/* End PBXResourcesBuildPhase section */

/* Begin PBXSourcesBuildPhase section */
		2158BE582526C1F600629717 /* Sources */ = {
			isa = PBXSourcesBuildPhase;
			buildActionMask = 2147483647;
			files = (
				21C040A82534FD7E0062F297 /* RemoteTransformation.swift in Sources */,
				21C040A52534FD7B0062F297 /* Entry.swift in Sources */,
				2158BE742526C3F700629717 /* ViewController.swift in Sources */,
				2158BE602526C1F600629717 /* AppDelegate.swift in Sources */,
				2158BE642526C1F600629717 /* Experience.rcproject in Sources */,
				21C040AD2534FDBE0062F297 /* EchoAR.swift in Sources */,
			);
			runOnlyForDeploymentPostprocessing = 0;
		};
/* End PBXSourcesBuildPhase section */

/* Begin PBXVariantGroup section */
		2158BE652526C1F600629717 /* Main.storyboard */ = {
			isa = PBXVariantGroup;
			children = (
				2158BE662526C1F600629717 /* Base */,
			);
			name = Main.storyboard;
			sourceTree = "<group>";
		};
		2158BE6A2526C1F800629717 /* LaunchScreen.storyboard */ = {
			isa = PBXVariantGroup;
			children = (
				2158BE6B2526C1F800629717 /* Base */,
			);
			name = LaunchScreen.storyboard;
			sourceTree = "<group>";
		};
/* End PBXVariantGroup section */

/* Begin XCBuildConfiguration section */
		2158BE6E2526C1F800629717 /* Debug */ = {
			isa = XCBuildConfiguration;
			buildSettings = {
				ALWAYS_SEARCH_USER_PATHS = NO;
				CLANG_ANALYZER_NONNULL = YES;
				CLANG_ANALYZER_NUMBER_OBJECT_CONVERSION = YES_AGGRESSIVE;
				CLANG_CXX_LANGUAGE_STANDARD = "gnu++14";
				CLANG_CXX_LIBRARY = "libc++";
				CLANG_ENABLE_MODULES = YES;
				CLANG_ENABLE_OBJC_ARC = YES;
				CLANG_ENABLE_OBJC_WEAK = YES;
				CLANG_WARN_BLOCK_CAPTURE_AUTORELEASING = YES;
				CLANG_WARN_BOOL_CONVERSION = YES;
				CLANG_WARN_COMMA = YES;
				CLANG_WARN_CONSTANT_CONVERSION = YES;
				CLANG_WARN_DEPRECATED_OBJC_IMPLEMENTATIONS = YES;
				CLANG_WARN_DIRECT_OBJC_ISA_USAGE = YES_ERROR;
				CLANG_WARN_DOCUMENTATION_COMMENTS = YES;
				CLANG_WARN_EMPTY_BODY = YES;
				CLANG_WARN_ENUM_CONVERSION = YES;
				CLANG_WARN_INFINITE_RECURSION = YES;
				CLANG_WARN_INT_CONVERSION = YES;
				CLANG_WARN_NON_LITERAL_NULL_CONVERSION = YES;
				CLANG_WARN_OBJC_IMPLICIT_RETAIN_SELF = YES;
				CLANG_WARN_OBJC_LITERAL_CONVERSION = YES;
				CLANG_WARN_OBJC_ROOT_CLASS = YES_ERROR;
				CLANG_WARN_RANGE_LOOP_ANALYSIS = YES;
				CLANG_WARN_STRICT_PROTOTYPES = YES;
				CLANG_WARN_SUSPICIOUS_MOVE = YES;
				CLANG_WARN_UNGUARDED_AVAILABILITY = YES_AGGRESSIVE;
				CLANG_WARN_UNREACHABLE_CODE = YES;
				CLANG_WARN__DUPLICATE_METHOD_MATCH = YES;
				COPY_PHASE_STRIP = NO;
				DEBUG_INFORMATION_FORMAT = dwarf;
				ENABLE_STRICT_OBJC_MSGSEND = YES;
				ENABLE_TESTABILITY = YES;
				GCC_C_LANGUAGE_STANDARD = gnu11;
				GCC_DYNAMIC_NO_PIC = NO;
				GCC_NO_COMMON_BLOCKS = YES;
				GCC_OPTIMIZATION_LEVEL = 0;
				GCC_PREPROCESSOR_DEFINITIONS = (
					"DEBUG=1",
					"$(inherited)",
				);
				GCC_WARN_64_TO_32_BIT_CONVERSION = YES;
				GCC_WARN_ABOUT_RETURN_TYPE = YES_ERROR;
				GCC_WARN_UNDECLARED_SELECTOR = YES;
				GCC_WARN_UNINITIALIZED_AUTOS = YES_AGGRESSIVE;
				GCC_WARN_UNUSED_FUNCTION = YES;
				GCC_WARN_UNUSED_VARIABLE = YES;
				IPHONEOS_DEPLOYMENT_TARGET = 13.7;
				MTL_ENABLE_DEBUG_INFO = INCLUDE_SOURCE;
				MTL_FAST_MATH = YES;
				ONLY_ACTIVE_ARCH = YES;
				SDKROOT = iphoneos;
				SWIFT_ACTIVE_COMPILATION_CONDITIONS = DEBUG;
				SWIFT_OPTIMIZATION_LEVEL = "-Onone";
			};
			name = Debug;
		};
		2158BE6F2526C1F800629717 /* Release */ = {
			isa = XCBuildConfiguration;
			buildSettings = {
				ALWAYS_SEARCH_USER_PATHS = NO;
				CLANG_ANALYZER_NONNULL = YES;
				CLANG_ANALYZER_NUMBER_OBJECT_CONVERSION = YES_AGGRESSIVE;
				CLANG_CXX_LANGUAGE_STANDARD = "gnu++14";
				CLANG_CXX_LIBRARY = "libc++";
				CLANG_ENABLE_MODULES = YES;
				CLANG_ENABLE_OBJC_ARC = YES;
				CLANG_ENABLE_OBJC_WEAK = YES;
				CLANG_WARN_BLOCK_CAPTURE_AUTORELEASING = YES;
				CLANG_WARN_BOOL_CONVERSION = YES;
				CLANG_WARN_COMMA = YES;
				CLANG_WARN_CONSTANT_CONVERSION = YES;
				CLANG_WARN_DEPRECATED_OBJC_IMPLEMENTATIONS = YES;
				CLANG_WARN_DIRECT_OBJC_ISA_USAGE = YES_ERROR;
				CLANG_WARN_DOCUMENTATION_COMMENTS = YES;
				CLANG_WARN_EMPTY_BODY = YES;
				CLANG_WARN_ENUM_CONVERSION = YES;
				CLANG_WARN_INFINITE_RECURSION = YES;
				CLANG_WARN_INT_CONVERSION = YES;
				CLANG_WARN_NON_LITERAL_NULL_CONVERSION = YES;
				CLANG_WARN_OBJC_IMPLICIT_RETAIN_SELF = YES;
				CLANG_WARN_OBJC_LITERAL_CONVERSION = YES;
				CLANG_WARN_OBJC_ROOT_CLASS = YES_ERROR;
				CLANG_WARN_RANGE_LOOP_ANALYSIS = YES;
				CLANG_WARN_STRICT_PROTOTYPES = YES;
				CLANG_WARN_SUSPICIOUS_MOVE = YES;
				CLANG_WARN_UNGUARDED_AVAILABILITY = YES_AGGRESSIVE;
				CLANG_WARN_UNREACHABLE_CODE = YES;
				CLANG_WARN__DUPLICATE_METHOD_MATCH = YES;
				COPY_PHASE_STRIP = NO;
				DEBUG_INFORMATION_FORMAT = "dwarf-with-dsym";
				ENABLE_NS_ASSERTIONS = NO;
				ENABLE_STRICT_OBJC_MSGSEND = YES;
				GCC_C_LANGUAGE_STANDARD = gnu11;
				GCC_NO_COMMON_BLOCKS = YES;
				GCC_WARN_64_TO_32_BIT_CONVERSION = YES;
				GCC_WARN_ABOUT_RETURN_TYPE = YES_ERROR;
				GCC_WARN_UNDECLARED_SELECTOR = YES;
				GCC_WARN_UNINITIALIZED_AUTOS = YES_AGGRESSIVE;
				GCC_WARN_UNUSED_FUNCTION = YES;
				GCC_WARN_UNUSED_VARIABLE = YES;
				IPHONEOS_DEPLOYMENT_TARGET = 13.7;
				MTL_ENABLE_DEBUG_INFO = NO;
				MTL_FAST_MATH = YES;
				SDKROOT = iphoneos;
				SWIFT_COMPILATION_MODE = wholemodule;
				SWIFT_OPTIMIZATION_LEVEL = "-O";
				VALIDATE_PRODUCT = YES;
			};
			name = Release;
		};
		2158BE712526C1F800629717 /* Debug */ = {
			isa = XCBuildConfiguration;
			buildSettings = {
				ASSETCATALOG_COMPILER_APPICON_NAME = AppIcon;
				CODE_SIGN_STYLE = Automatic;
				DEVELOPMENT_TEAM = A8AAB759SX;
				INFOPLIST_FILE = ARPhotoViewerDemo/Info.plist;
				LD_RUNPATH_SEARCH_PATHS = (
					"$(inherited)",
					"@executable_path/Frameworks",
				);
				PRODUCT_BUNDLE_IDENTIFIER = DayeDev.ARPhotoViewerDemo;
				PRODUCT_NAME = "$(TARGET_NAME)";
				SWIFT_VERSION = 5.0;
				TARGETED_DEVICE_FAMILY = "1,2";
			};
			name = Debug;
		};
		2158BE722526C1F800629717 /* Release */ = {
			isa = XCBuildConfiguration;
			buildSettings = {
				ASSETCATALOG_COMPILER_APPICON_NAME = AppIcon;
				CODE_SIGN_STYLE = Automatic;
				DEVELOPMENT_TEAM = A8AAB759SX;
				INFOPLIST_FILE = ARPhotoViewerDemo/Info.plist;
				LD_RUNPATH_SEARCH_PATHS = (
					"$(inherited)",
					"@executable_path/Frameworks",
				);
				PRODUCT_BUNDLE_IDENTIFIER = DayeDev.ARPhotoViewerDemo;
				PRODUCT_NAME = "$(TARGET_NAME)";
				SWIFT_VERSION = 5.0;
				TARGETED_DEVICE_FAMILY = "1,2";
			};
			name = Release;
		};
/* End XCBuildConfiguration section */

/* Begin XCConfigurationList section */
		2158BE572526C1F600629717 /* Build configuration list for PBXProject "ARPhotoViewerDemo" */ = {
			isa = XCConfigurationList;
			buildConfigurations = (
				2158BE6E2526C1F800629717 /* Debug */,
				2158BE6F2526C1F800629717 /* Release */,
			);
			defaultConfigurationIsVisible = 0;
			defaultConfigurationName = Release;
		};
		2158BE702526C1F800629717 /* Build configuration list for PBXNativeTarget "ARPhotoViewerDemo" */ = {
			isa = XCConfigurationList;
			buildConfigurations = (
				2158BE712526C1F800629717 /* Debug */,
				2158BE722526C1F800629717 /* Release */,
			);
			defaultConfigurationIsVisible = 0;
			defaultConfigurationName = Release;
		};
/* End XCConfigurationList section */
	};
	rootObject = 2158BE542526C1F600629717 /* Project object */;
}
